
Microsoft Visual Studio Solution File, Format Version 12.00
# Visual Studio Version 16
VisualStudioVersion = 16.0.29409.12
MinimumVisualStudioVersion = 15.0.26124.0
Project("{9A19103F-16F7-4668-BE54-9A1E7A4F7556}") = "Client", "src\Client\Client.csproj", "{745621A3-24CB-4FB9-AD0D-7FA82328696E}"
EndProject
Project("{9A19103F-16F7-4668-BE54-9A1E7A4F7556}") = "Server", "src\Server\Server.csproj", "{35542112-9549-407F-8609-833E87F4DBB7}"
EndProject
Project("{9A19103F-16F7-4668-BE54-9A1E7A4F7556}") = "ZeroFormatter.Interfaces", "ZeroFormatter.Interfaces\ZeroFormatter.Interfaces.csproj", "{0A99356C-300C-4796-B229-118BDE85E909}"
EndProject
Project("{9A19103F-16F7-4668-BE54-9A1E7A4F7556}") = "ZeroFormatter", "ZeroFormatter\ZeroFormatter.csproj", "{33356D54-C15D-4031-8DB3-156EBE2AF711}"
EndProject
Project("{9A19103F-16F7-4668-BE54-9A1E7A4F7556}") = "ZeroPipeline", "ZeroPipeline\ZeroPipeline.csproj", "{A5EDC30A-636C-4C58-ADBD-9F169398527C}"
EndProject
Project("{9A19103F-16F7-4668-BE54-9A1E7A4F7556}") = "ZeroPipeline.Interfaces", "ZeroPipeline.Interfaces\ZeroPipeline.Interfaces.csproj", "{96444AA8-BEEB-4E86-993E-E1A47E2F46BA}"
EndProject
Project("{9A19103F-16F7-4668-BE54-9A1E7A4F7556}") = "DTO", "src\DTO\DTO.csproj", "{0B8B0957-7463-4561-8A16-813D89C3709A}"
EndProject
Global
	GlobalSection(SolutionConfigurationPlatforms) = preSolution
		Debug|Any CPU = Debug|Any CPU
		Debug|x64 = Debug|x64
		Debug|x86 = Debug|x86
		Release|Any CPU = Release|Any CPU
		Release|x64 = Release|x64
		Release|x86 = Release|x86
	EndGlobalSection
	GlobalSection(ProjectConfigurationPlatforms) = postSolution
		{745621A3-24CB-4FB9-AD0D-7FA82328696E}.Debug|Any CPU.ActiveCfg = Debug|Any CPU
		{745621A3-24CB-4FB9-AD0D-7FA82328696E}.Debug|Any CPU.Build.0 = Debug|Any CPU
		{745621A3-24CB-4FB9-AD0D-7FA82328696E}.Debug|x64.ActiveCfg = Debug|Any CPU
		{745621A3-24CB-4FB9-AD0D-7FA82328696E}.Debug|x64.Build.0 = Debug|Any CPU
		{745621A3-24CB-4FB9-AD0D-7FA82328696E}.Debug|x86.ActiveCfg = Debug|Any CPU
		{745621A3-24CB-4FB9-AD0D-7FA82328696E}.Debug|x86.Build.0 = Debug|Any CPU
		{745621A3-24CB-4FB9-AD0D-7FA82328696E}.Release|Any CPU.ActiveCfg = Release|Any CPU
		{745621A3-24CB-4FB9-AD0D-7FA82328696E}.Release|Any CPU.Build.0 = Release|Any CPU
		{745621A3-24CB-4FB9-AD0D-7FA82328696E}.Release|x64.ActiveCfg = Release|Any CPU
		{745621A3-24CB-4FB9-AD0D-7FA82328696E}.Release|x64.Build.0 = Release|Any CPU
		{745621A3-24CB-4FB9-AD0D-7FA82328696E}.Release|x86.ActiveCfg = Release|Any CPU
		{745621A3-24CB-4FB9-AD0D-7FA82328696E}.Release|x86.Build.0 = Release|Any CPU
		{35542112-9549-407F-8609-833E87F4DBB7}.Debug|Any CPU.ActiveCfg = Debug|Any CPU
		{35542112-9549-407F-8609-833E87F4DBB7}.Debug|Any CPU.Build.0 = Debug|Any CPU
		{35542112-9549-407F-8609-833E87F4DBB7}.Debug|x64.ActiveCfg = Debug|Any CPU
		{35542112-9549-407F-8609-833E87F4DBB7}.Debug|x64.Build.0 = Debug|Any CPU
		{35542112-9549-407F-8609-833E87F4DBB7}.Debug|x86.ActiveCfg = Debug|Any CPU
		{35542112-9549-407F-8609-833E87F4DBB7}.Debug|x86.Build.0 = Debug|Any CPU
		{35542112-9549-407F-8609-833E87F4DBB7}.Release|Any CPU.ActiveCfg = Release|Any CPU
		{35542112-9549-407F-8609-833E87F4DBB7}.Release|Any CPU.Build.0 = Release|Any CPU
		{35542112-9549-407F-8609-833E87F4DBB7}.Release|x64.ActiveCfg = Release|Any CPU
		{35542112-9549-407F-8609-833E87F4DBB7}.Release|x64.Build.0 = Release|Any CPU
		{35542112-9549-407F-8609-833E87F4DBB7}.Release|x86.ActiveCfg = Release|Any CPU
		{35542112-9549-407F-8609-833E87F4DBB7}.Release|x86.Build.0 = Release|Any CPU
		{0A99356C-300C-4796-B229-118BDE85E909}.Debug|Any CPU.ActiveCfg = Debug|Any CPU
		{0A99356C-300C-4796-B229-118BDE85E909}.Debug|Any CPU.Build.0 = Debug|Any CPU
		{0A99356C-300C-4796-B229-118BDE85E909}.Debug|x64.ActiveCfg = Debug|Any CPU
		{0A99356C-300C-4796-B229-118BDE85E909}.Debug|x64.Build.0 = Debug|Any CPU
		{0A99356C-300C-4796-B229-118BDE85E909}.Debug|x86.ActiveCfg = Debug|Any CPU
		{0A99356C-300C-4796-B229-118BDE85E909}.Debug|x86.Build.0 = Debug|Any CPU
		{0A99356C-300C-4796-B229-118BDE85E909}.Release|Any CPU.ActiveCfg = Release|Any CPU
		{0A99356C-300C-4796-B229-118BDE85E909}.Release|Any CPU.Build.0 = Release|Any CPU
		{0A99356C-300C-4796-B229-118BDE85E909}.Release|x64.ActiveCfg = Release|Any CPU
		{0A99356C-300C-4796-B229-118BDE85E909}.Release|x64.Build.0 = Release|Any CPU
		{0A99356C-300C-4796-B229-118BDE85E909}.Release|x86.ActiveCfg = Release|Any CPU
		{0A99356C-300C-4796-B229-118BDE85E909}.Release|x86.Build.0 = Release|Any CPU
		{33356D54-C15D-4031-8DB3-156EBE2AF711}.Debug|Any CPU.ActiveCfg = Debug|Any CPU
		{33356D54-C15D-4031-8DB3-156EBE2AF711}.Debug|Any CPU.Build.0 = Debug|Any CPU
		{33356D54-C15D-4031-8DB3-156EBE2AF711}.Debug|x64.ActiveCfg = Debug|Any CPU
		{33356D54-C15D-4031-8DB3-156EBE2AF711}.Debug|x64.Build.0 = Debug|Any CPU
		{33356D54-C15D-4031-8DB3-156EBE2AF711}.Debug|x86.ActiveCfg = Debug|Any CPU
		{33356D54-C15D-4031-8DB3-156EBE2AF711}.Debug|x86.Build.0 = Debug|Any CPU
		{33356D54-C15D-4031-8DB3-156EBE2AF711}.Release|Any CPU.ActiveCfg = Release|Any CPU
		{33356D54-C15D-4031-8DB3-156EBE2AF711}.Release|Any CPU.Build.0 = Release|Any CPU
		{33356D54-C15D-4031-8DB3-156EBE2AF711}.Release|x64.ActiveCfg = Release|Any CPU
		{33356D54-C15D-4031-8DB3-156EBE2AF711}.Release|x64.Build.0 = Release|Any CPU
		{33356D54-C15D-4031-8DB3-156EBE2AF711}.Release|x86.ActiveCfg = Release|Any CPU
		{33356D54-C15D-4031-8DB3-156EBE2AF711}.Release|x86.Build.0 = Release|Any CPU
		{A5EDC30A-636C-4C58-ADBD-9F169398527C}.Debug|Any CPU.ActiveCfg = Debug|Any CPU
		{A5EDC30A-636C-4C58-ADBD-9F169398527C}.Debug|Any CPU.Build.0 = Debug|Any CPU
		{A5EDC30A-636C-4C58-ADBD-9F169398527C}.Debug|x64.ActiveCfg = Debug|Any CPU
		{A5EDC30A-636C-4C58-ADBD-9F169398527C}.Debug|x64.Build.0 = Debug|Any CPU
		{A5EDC30A-636C-4C58-ADBD-9F169398527C}.Debug|x86.ActiveCfg = Debug|Any CPU
		{A5EDC30A-636C-4C58-ADBD-9F169398527C}.Debug|x86.Build.0 = Debug|Any CPU
		{A5EDC30A-636C-4C58-ADBD-9F169398527C}.Release|Any CPU.ActiveCfg = Release|Any CPU
		{A5EDC30A-636C-4C58-ADBD-9F169398527C}.Release|Any CPU.Build.0 = Release|Any CPU
		{A5EDC30A-636C-4C58-ADBD-9F169398527C}.Release|x64.ActiveCfg = Release|Any CPU
		{A5EDC30A-636C-4C58-ADBD-9F169398527C}.Release|x64.Build.0 = Release|Any CPU
		{A5EDC30A-636C-4C58-ADBD-9F169398527C}.Release|x86.ActiveCfg = Release|Any CPU
		{A5EDC30A-636C-4C58-ADBD-9F169398527C}.Release|x86.Build.0 = Release|Any CPU
		{96444AA8-BEEB-4E86-993E-E1A47E2F46BA}.Debug|Any CPU.ActiveCfg = Debug|Any CPU
		{96444AA8-BEEB-4E86-993E-E1A47E2F46BA}.Debug|Any CPU.Build.0 = Debug|Any CPU
		{96444AA8-BEEB-4E86-993E-E1A47E2F46BA}.Debug|x64.ActiveCfg = Debug|Any CPU
		{96444AA8-BEEB-4E86-993E-E1A47E2F46BA}.Debug|x64.Build.0 = Debug|Any CPU
		{96444AA8-BEEB-4E86-993E-E1A47E2F46BA}.Debug|x86.ActiveCfg = Debug|Any CPU
		{96444AA8-BEEB-4E86-993E-E1A47E2F46BA}.Debug|x86.Build.0 = Debug|Any CPU
		{96444AA8-BEEB-4E86-993E-E1A47E2F46BA}.Release|Any CPU.ActiveCfg = Release|Any CPU
		{96444AA8-BEEB-4E86-993E-E1A47E2F46BA}.Release|Any CPU.Build.0 = Release|Any CPU
		{96444AA8-BEEB-4E86-993E-E1A47E2F46BA}.Release|x64.ActiveCfg = Release|Any CPU
		{96444AA8-BEEB-4E86-993E-E1A47E2F46BA}.Release|x64.Build.0 = Release|Any CPU
		{96444AA8-BEEB-4E86-993E-E1A47E2F46BA}.Release|x86.ActiveCfg = Release|Any CPU
		{96444AA8-BEEB-4E86-993E-E1A47E2F46BA}.Release|x86.Build.0 = Release|Any CPU
		{0B8B0957-7463-4561-8A16-813D89C3709A}.Debug|Any CPU.ActiveCfg = Debug|Any CPU
		{0B8B0957-7463-4561-8A16-813D89C3709A}.Debug|Any CPU.Build.0 = Debug|Any CPU
		{0B8B0957-7463-4561-8A16-813D89C3709A}.Debug|x64.ActiveCfg = Debug|Any CPU
		{0B8B0957-7463-4561-8A16-813D89C3709A}.Debug|x64.Build.0 = Debug|Any CPU
		{0B8B0957-7463-4561-8A16-813D89C3709A}.Debug|x86.ActiveCfg = Debug|Any CPU
		{0B8B0957-7463-4561-8A16-813D89C3709A}.Debug|x86.Build.0 = Debug|Any CPU
		{0B8B0957-7463-4561-8A16-813D89C3709A}.Release|Any CPU.ActiveCfg = Release|Any CPU
		{0B8B0957-7463-4561-8A16-813D89C3709A}.Release|Any CPU.Build.0 = Release|Any CPU
		{0B8B0957-7463-4561-8A16-813D89C3709A}.Release|x64.ActiveCfg = Release|Any CPU
		{0B8B0957-7463-4561-8A16-813D89C3709A}.Release|x64.Build.0 = Release|Any CPU
		{0B8B0957-7463-4561-8A16-813D89C3709A}.Release|x86.ActiveCfg = Release|Any CPU
		{0B8B0957-7463-4561-8A16-813D89C3709A}.Release|x86.Build.0 = Release|Any CPU
	EndGlobalSection
	GlobalSection(SolutionProperties) = preSolution
		HideSolutionNode = FALSE
	EndGlobalSection
	GlobalSection(ExtensibilityGlobals) = postSolution
		SolutionGuid = {C4C34E53-9B99-4638-9FA9-33CB8D5EC1F1}
	EndGlobalSection
EndGlobal
